
Microsoft Visual Studio Solution File, Format Version 12.00
# Visual Studio 15
VisualStudioVersion = 15.0.27130.2036
MinimumVisualStudioVersion = 10.0.40219.1
Project("{FAE04EC0-301F-11D3-BF4B-00C04F79EFBC}") = "MusicGenie", "MusicGenie\MusicGenie.csproj", "{09024258-B12D-4450-84F1-EE3999348C8B}"
EndProject
Project("{FAE04EC0-301F-11D3-BF4B-00C04F79EFBC}") = "MusicGenie.Tests", "MusicGenieTests\MusicGenie.Tests.csproj", "{88C3FBD9-649A-4BB8-94A5-A397FB65595D}"
EndProject
Global
	GlobalSection(SolutionConfigurationPlatforms) = preSolution
		Debug|Any CPU = Debug|Any CPU
		Release|Any CPU = Release|Any CPU
		Travis|Any CPU = Travis|Any CPU
	EndGlobalSection
	GlobalSection(ProjectConfigurationPlatforms) = postSolution
		{09024258-B12D-4450-84F1-EE3999348C8B}.Debug|Any CPU.ActiveCfg = Debug|Any CPU
		{09024258-B12D-4450-84F1-EE3999348C8B}.Debug|Any CPU.Build.0 = Debug|Any CPU
		{09024258-B12D-4450-84F1-EE3999348C8B}.Release|Any CPU.ActiveCfg = Release|Any CPU
		{09024258-B12D-4450-84F1-EE3999348C8B}.Release|Any CPU.Build.0 = Release|Any CPU
		{09024258-B12D-4450-84F1-EE3999348C8B}.Travis|Any CPU.ActiveCfg = Release|Any CPU
		{09024258-B12D-4450-84F1-EE3999348C8B}.Travis|Any CPU.Build.0 = Release|Any CPU
		{88C3FBD9-649A-4BB8-94A5-A397FB65595D}.Debug|Any CPU.ActiveCfg = Debug|Any CPU
		{88C3FBD9-649A-4BB8-94A5-A397FB65595D}.Debug|Any CPU.Build.0 = Debug|Any CPU
		{88C3FBD9-649A-4BB8-94A5-A397FB65595D}.Release|Any CPU.ActiveCfg = Release|Any CPU
		{88C3FBD9-649A-4BB8-94A5-A397FB65595D}.Release|Any CPU.Build.0 = Release|Any CPU
		{88C3FBD9-649A-4BB8-94A5-A397FB65595D}.Travis|Any CPU.ActiveCfg = Release|Any CPU
		{88C3FBD9-649A-4BB8-94A5-A397FB65595D}.Travis|Any CPU.Build.0 = Release|Any CPU
	EndGlobalSection
	GlobalSection(SolutionProperties) = preSolution
		HideSolutionNode = FALSE
	EndGlobalSection
	GlobalSection(ExtensibilityGlobals) = postSolution
		SolutionGuid = {98563A0A-7C74-4B90-8D3A-7DF0B4C0BF31}
	EndGlobalSection
EndGlobal
